github.com/mattn/go-runewidth v0.0.8 h1:3tS41NlGYSmhhe/8fhGRzc+z3AYCw1Fe1WAyLuujKs0=
github.com/mattn/go-runewidth v0.0.8/go.mod h1:H031xJmbD/WCDINGzjvQ9THkh0rPKHF+m2gUSrubnMI=
github.com/nsf/termbox-go v0.0.0-20191229070316-58d4fcbce2a7 h1:OkWEy7aQeQTbgdrcGi9bifx+Y6bMM7ae7y42hDFaBvA=
github.com/nsf/termbox-go v0.0.0-20191229070316-58d4fcbce2a7/go.mod h1:IuKpRQcYE1Tfu+oAQqaLisqDeXgjyyltCfsaoYN18NQ=
github.com/tomyl/gocui v0.3.0 h1:tOtU1ic418lUmevKo7kejBCUQGt655CNR2q0facXuZ0=
github.com/tomyl/gocui v0.3.0/go.mod h1:7MokRWsb2xXgPfubniMUa0W97WskAAp1rX9/GGzdTjI=
github.com/tomyl/gocui v0.3.1-0.20190529201612-028ccc25b58f h1:HoU8NVDIOW98gTzkul+frolHsdPrTYpkh6I6qsEwqZg=
github.com/tomyl/gocui v0.3.1-0.20190529201612-028ccc25b58f/go.mod h1:7MokRWsb2xXgPfubniMUa0W97WskAAp1rX9/GGzdTjI=
